
Microsoft Visual Studio Solution File, Format Version 12.00
# Visual Studio Version 17
VisualStudioVersion = 17.5.33516.290
MinimumVisualStudioVersion = 10.0.40219.1
Project("{FAE04EC0-301F-11D3-BF4B-00C04F79EFBC}") = "FileRead", "FileRead.csproj", "{8168114A-5B34-40F1-A6EC-9A1F2717D355}"
EndProject
Global
	GlobalSection(SolutionConfigurationPlatforms) = preSolution
		Debug|Any CPU = Debug|Any CPU
		Release|Any CPU = Release|Any CPU
	EndGlobalSection
	GlobalSection(ProjectConfigurationPlatforms) = postSolution
		{8168114A-5B34-40F1-A6EC-9A1F2717D355}.Debug|Any CPU.ActiveCfg = Debug|Any CPU
		{8168114A-5B34-40F1-A6EC-9A1F2717D355}.Debug|Any CPU.Build.0 = Debug|Any CPU
		{8168114A-5B34-40F1-A6EC-9A1F2717D355}.Release|Any CPU.ActiveCfg = Release|Any CPU
		{8168114A-5B34-40F1-A6EC-9A1F2717D355}.Release|Any CPU.Build.0 = Release|Any CPU
	EndGlobalSection
	GlobalSection(SolutionProperties) = preSolution
		HideSolutionNode = FALSE
	EndGlobalSection
	GlobalSection(ExtensibilityGlobals) = postSolution
		SolutionGuid = {F1CCD4B1-3C82-4693-A546-4BC997481D2C}
	EndGlobalSection
EndGlobal
