
Microsoft Visual Studio Solution File, Format Version 12.00
# Visual Studio Version 17
VisualStudioVersion = 17.6.33723.286
MinimumVisualStudioVersion = 10.0.40219.1
Project("{9A19103F-16F7-4668-BE54-9A1E7A4F7556}") = "EntityFramework - DBFirst", "EntityFramework - DBFirst.csproj", "{BEBE1051-5987-4353-A557-1A987D7C9C3B}"
EndProject
Project("{2150E333-8FDC-42A3-9474-1A3956D46DE8}") = "Solution Items", "Solution Items", "{536AAA06-D1DC-489C-9D1C-D32494F1E757}"
	ProjectSection(SolutionItems) = preProject
		TextFile1.txt = TextFile1.txt
	EndProjectSection
EndProject
Global
	GlobalSection(SolutionConfigurationPlatforms) = preSolution
		Debug|Any CPU = Debug|Any CPU
		Release|Any CPU = Release|Any CPU
	EndGlobalSection
	GlobalSection(ProjectConfigurationPlatforms) = postSolution
		{BEBE1051-5987-4353-A557-1A987D7C9C3B}.Debug|Any CPU.ActiveCfg = Debug|Any CPU
		{BEBE1051-5987-4353-A557-1A987D7C9C3B}.Debug|Any CPU.Build.0 = Debug|Any CPU
		{BEBE1051-5987-4353-A557-1A987D7C9C3B}.Release|Any CPU.ActiveCfg = Release|Any CPU
		{BEBE1051-5987-4353-A557-1A987D7C9C3B}.Release|Any CPU.Build.0 = Release|Any CPU
	EndGlobalSection
	GlobalSection(SolutionProperties) = preSolution
		HideSolutionNode = FALSE
	EndGlobalSection
	GlobalSection(ExtensibilityGlobals) = postSolution
		SolutionGuid = {1C973EDA-BB39-4E46-AA14-9871036F4302}
	EndGlobalSection
EndGlobal
