
Microsoft Visual Studio Solution File, Format Version 12.00
# Visual Studio Version 17
VisualStudioVersion = 17.5.33516.290
MinimumVisualStudioVersion = 10.0.40219.1
Project("{9A19103F-16F7-4668-BE54-9A1E7A4F7556}") = "exerciseList-2", "exerciseList-2\exerciseList-2.csproj", "{BCD4823A-D097-484B-AAEA-63EDF2D0F9E4}"
EndProject
Project("{9A19103F-16F7-4668-BE54-9A1E7A4F7556}") = "calculadora", "calculadora\calculadora.csproj", "{C5271729-CF8C-4129-A557-CBF34A576C80}"
EndProject
Project("{9A19103F-16F7-4668-BE54-9A1E7A4F7556}") = "exerciseList-3", "exerciseList-3\exerciseList-3.csproj", "{C5D4EA84-D6F4-4028-B0A2-092F0F1E4C63}"
EndProject
Project("{9A19103F-16F7-4668-BE54-9A1E7A4F7556}") = "exerciseList-4", "exerciseList-4\exerciseList-4.csproj", "{4F4B7C4F-5EF2-4570-936A-38407EC2E603}"
EndProject
Project("{9A19103F-16F7-4668-BE54-9A1E7A4F7556}") = "exercisesList-5", "exercisesList-5\exercisesList-5.csproj", "{FD6DF8D8-F14A-47CD-8C3E-00CADC6A0EF8}"
EndProject
Project("{9A19103F-16F7-4668-BE54-9A1E7A4F7556}") = "exerciseList-1", "exerciseList-1\exerciseList-1.csproj", "{F219668C-EF89-407A-92F8-EC9CCEFC8FA8}"
EndProject
Project("{9A19103F-16F7-4668-BE54-9A1E7A4F7556}") = "template", "template\template.csproj", "{9D70565C-66A8-40C3-BB23-BD6443728719}"
EndProject
Project("{FAE04EC0-301F-11D3-BF4B-00C04F79EFBC}") = "POO", "POO\POO.csproj", "{75842433-E920-49D7-BCD2-76A628E5171D}"
EndProject
Global
	GlobalSection(SolutionConfigurationPlatforms) = preSolution
		Debug|Any CPU = Debug|Any CPU
		Release|Any CPU = Release|Any CPU
	EndGlobalSection
	GlobalSection(ProjectConfigurationPlatforms) = postSolution
		{BCD4823A-D097-484B-AAEA-63EDF2D0F9E4}.Debug|Any CPU.ActiveCfg = Debug|Any CPU
		{BCD4823A-D097-484B-AAEA-63EDF2D0F9E4}.Debug|Any CPU.Build.0 = Debug|Any CPU
		{BCD4823A-D097-484B-AAEA-63EDF2D0F9E4}.Release|Any CPU.ActiveCfg = Release|Any CPU
		{BCD4823A-D097-484B-AAEA-63EDF2D0F9E4}.Release|Any CPU.Build.0 = Release|Any CPU
		{C5271729-CF8C-4129-A557-CBF34A576C80}.Debug|Any CPU.ActiveCfg = Debug|Any CPU
		{C5271729-CF8C-4129-A557-CBF34A576C80}.Debug|Any CPU.Build.0 = Debug|Any CPU
		{C5271729-CF8C-4129-A557-CBF34A576C80}.Release|Any CPU.ActiveCfg = Release|Any CPU
		{C5271729-CF8C-4129-A557-CBF34A576C80}.Release|Any CPU.Build.0 = Release|Any CPU
		{C5D4EA84-D6F4-4028-B0A2-092F0F1E4C63}.Debug|Any CPU.ActiveCfg = Debug|Any CPU
		{C5D4EA84-D6F4-4028-B0A2-092F0F1E4C63}.Debug|Any CPU.Build.0 = Debug|Any CPU
		{C5D4EA84-D6F4-4028-B0A2-092F0F1E4C63}.Release|Any CPU.ActiveCfg = Release|Any CPU
		{C5D4EA84-D6F4-4028-B0A2-092F0F1E4C63}.Release|Any CPU.Build.0 = Release|Any CPU
		{4F4B7C4F-5EF2-4570-936A-38407EC2E603}.Debug|Any CPU.ActiveCfg = Debug|Any CPU
		{4F4B7C4F-5EF2-4570-936A-38407EC2E603}.Debug|Any CPU.Build.0 = Debug|Any CPU
		{4F4B7C4F-5EF2-4570-936A-38407EC2E603}.Release|Any CPU.ActiveCfg = Release|Any CPU
		{4F4B7C4F-5EF2-4570-936A-38407EC2E603}.Release|Any CPU.Build.0 = Release|Any CPU
		{FD6DF8D8-F14A-47CD-8C3E-00CADC6A0EF8}.Debug|Any CPU.ActiveCfg = Debug|Any CPU
		{FD6DF8D8-F14A-47CD-8C3E-00CADC6A0EF8}.Debug|Any CPU.Build.0 = Debug|Any CPU
		{FD6DF8D8-F14A-47CD-8C3E-00CADC6A0EF8}.Release|Any CPU.ActiveCfg = Release|Any CPU
		{FD6DF8D8-F14A-47CD-8C3E-00CADC6A0EF8}.Release|Any CPU.Build.0 = Release|Any CPU
		{F219668C-EF89-407A-92F8-EC9CCEFC8FA8}.Debug|Any CPU.ActiveCfg = Debug|Any CPU
		{F219668C-EF89-407A-92F8-EC9CCEFC8FA8}.Debug|Any CPU.Build.0 = Debug|Any CPU
		{F219668C-EF89-407A-92F8-EC9CCEFC8FA8}.Release|Any CPU.ActiveCfg = Release|Any CPU
		{F219668C-EF89-407A-92F8-EC9CCEFC8FA8}.Release|Any CPU.Build.0 = Release|Any CPU
		{9D70565C-66A8-40C3-BB23-BD6443728719}.Debug|Any CPU.ActiveCfg = Debug|Any CPU
		{9D70565C-66A8-40C3-BB23-BD6443728719}.Debug|Any CPU.Build.0 = Debug|Any CPU
		{9D70565C-66A8-40C3-BB23-BD6443728719}.Release|Any CPU.ActiveCfg = Release|Any CPU
		{9D70565C-66A8-40C3-BB23-BD6443728719}.Release|Any CPU.Build.0 = Release|Any CPU
		{75842433-E920-49D7-BCD2-76A628E5171D}.Debug|Any CPU.ActiveCfg = Debug|Any CPU
		{75842433-E920-49D7-BCD2-76A628E5171D}.Debug|Any CPU.Build.0 = Debug|Any CPU
		{75842433-E920-49D7-BCD2-76A628E5171D}.Release|Any CPU.ActiveCfg = Release|Any CPU
		{75842433-E920-49D7-BCD2-76A628E5171D}.Release|Any CPU.Build.0 = Release|Any CPU
	EndGlobalSection
	GlobalSection(SolutionProperties) = preSolution
		HideSolutionNode = FALSE
	EndGlobalSection
	GlobalSection(ExtensibilityGlobals) = postSolution
		SolutionGuid = {F7EE6E3F-4A22-40E3-B5AA-5496DC78086F}
	EndGlobalSection
EndGlobal
