
Microsoft Visual Studio Solution File, Format Version 12.00
# Visual Studio Version 17
VisualStudioVersion = 17.5.33516.290
MinimumVisualStudioVersion = 10.0.40219.1
Project("{9A19103F-16F7-4668-BE54-9A1E7A4F7556}") = "DesafioArquivos_CA", "DesafioArquivos_CA.csproj", "{EC08D44B-5A99-4C1A-BFFE-02180BCF6262}"
EndProject
Global
	GlobalSection(SolutionConfigurationPlatforms) = preSolution
		Debug|Any CPU = Debug|Any CPU
		Release|Any CPU = Release|Any CPU
	EndGlobalSection
	GlobalSection(ProjectConfigurationPlatforms) = postSolution
		{EC08D44B-5A99-4C1A-BFFE-02180BCF6262}.Debug|Any CPU.ActiveCfg = Debug|Any CPU
		{EC08D44B-5A99-4C1A-BFFE-02180BCF6262}.Debug|Any CPU.Build.0 = Debug|Any CPU
		{EC08D44B-5A99-4C1A-BFFE-02180BCF6262}.Release|Any CPU.ActiveCfg = Release|Any CPU
		{EC08D44B-5A99-4C1A-BFFE-02180BCF6262}.Release|Any CPU.Build.0 = Release|Any CPU
	EndGlobalSection
	GlobalSection(SolutionProperties) = preSolution
		HideSolutionNode = FALSE
	EndGlobalSection
	GlobalSection(ExtensibilityGlobals) = postSolution
		SolutionGuid = {3EB82CEB-6CF6-45CB-8CF1-CF3FA6664AC3}
	EndGlobalSection
EndGlobal
