
Microsoft Visual Studio Solution File, Format Version 12.00
# Visual Studio Version 17
VisualStudioVersion = 17.5.33516.290
MinimumVisualStudioVersion = 10.0.40219.1
Project("{FAE04EC0-301F-11D3-BF4B-00C04F79EFBC}") = "Calculadora", "Calculadora\Calculadora.csproj", "{F46682C6-7642-466B-A5DF-4C971B837958}"
EndProject
Global
	GlobalSection(SolutionConfigurationPlatforms) = preSolution
		Debug|Any CPU = Debug|Any CPU
		Release|Any CPU = Release|Any CPU
	EndGlobalSection
	GlobalSection(ProjectConfigurationPlatforms) = postSolution
		{F46682C6-7642-466B-A5DF-4C971B837958}.Debug|Any CPU.ActiveCfg = Debug|Any CPU
		{F46682C6-7642-466B-A5DF-4C971B837958}.Debug|Any CPU.Build.0 = Debug|Any CPU
		{F46682C6-7642-466B-A5DF-4C971B837958}.Release|Any CPU.ActiveCfg = Release|Any CPU
		{F46682C6-7642-466B-A5DF-4C971B837958}.Release|Any CPU.Build.0 = Release|Any CPU
	EndGlobalSection
	GlobalSection(SolutionProperties) = preSolution
		HideSolutionNode = FALSE
	EndGlobalSection
	GlobalSection(ExtensibilityGlobals) = postSolution
		SolutionGuid = {52460738-B77A-48EE-AABA-4036B0645CC9}
	EndGlobalSection
EndGlobal
