
Microsoft Visual Studio Solution File, Format Version 12.00
# Visual Studio Version 17
VisualStudioVersion = 17.2.32616.157
MinimumVisualStudioVersion = 10.0.40219.1
Project("{9A19103F-16F7-4668-BE54-9A1E7A4F7556}") = "AspNetMVCeEF", "AspNetMVCeEF.csproj", "{591EF0E6-249F-4D1B-86F3-B1B2B90A04F0}"
EndProject
Global
	GlobalSection(SolutionConfigurationPlatforms) = preSolution
		Debug|Any CPU = Debug|Any CPU
		Release|Any CPU = Release|Any CPU
	EndGlobalSection
	GlobalSection(ProjectConfigurationPlatforms) = postSolution
		{591EF0E6-249F-4D1B-86F3-B1B2B90A04F0}.Debug|Any CPU.ActiveCfg = Debug|Any CPU
		{591EF0E6-249F-4D1B-86F3-B1B2B90A04F0}.Debug|Any CPU.Build.0 = Debug|Any CPU
		{591EF0E6-249F-4D1B-86F3-B1B2B90A04F0}.Release|Any CPU.ActiveCfg = Release|Any CPU
		{591EF0E6-249F-4D1B-86F3-B1B2B90A04F0}.Release|Any CPU.Build.0 = Release|Any CPU
	EndGlobalSection
	GlobalSection(SolutionProperties) = preSolution
		HideSolutionNode = FALSE
	EndGlobalSection
	GlobalSection(ExtensibilityGlobals) = postSolution
		SolutionGuid = {547ED87B-99B2-41F0-B3D7-98560573DF6C}
	EndGlobalSection
EndGlobal
