
Microsoft Visual Studio Solution File, Format Version 12.00
# Visual Studio Version 17
VisualStudioVersion = 17.6.33717.318
MinimumVisualStudioVersion = 10.0.40219.1
Project("{9A19103F-16F7-4668-BE54-9A1E7A4F7556}") = "DesafioArquivos_WF", "DesafioArquivos_WF.csproj", "{3F26C160-5AB5-4C57-B402-54CFBA246AF9}"
EndProject
Project("{FAE04EC0-301F-11D3-BF4B-00C04F79EFBC}") = "Arquivos_WF_Estacionamento", "..\Arquivos_WF_Estacionamento\Arquivos_WF_Estacionamento.csproj", "{D0AD6A34-2B9D-44E9-9C45-FBFC7FA6BD93}"
EndProject
Global
	GlobalSection(SolutionConfigurationPlatforms) = preSolution
		Debug|Any CPU = Debug|Any CPU
		Release|Any CPU = Release|Any CPU
	EndGlobalSection
	GlobalSection(ProjectConfigurationPlatforms) = postSolution
		{3F26C160-5AB5-4C57-B402-54CFBA246AF9}.Debug|Any CPU.ActiveCfg = Debug|Any CPU
		{3F26C160-5AB5-4C57-B402-54CFBA246AF9}.Debug|Any CPU.Build.0 = Debug|Any CPU
		{3F26C160-5AB5-4C57-B402-54CFBA246AF9}.Release|Any CPU.ActiveCfg = Release|Any CPU
		{3F26C160-5AB5-4C57-B402-54CFBA246AF9}.Release|Any CPU.Build.0 = Release|Any CPU
		{D0AD6A34-2B9D-44E9-9C45-FBFC7FA6BD93}.Debug|Any CPU.ActiveCfg = Debug|Any CPU
		{D0AD6A34-2B9D-44E9-9C45-FBFC7FA6BD93}.Debug|Any CPU.Build.0 = Debug|Any CPU
		{D0AD6A34-2B9D-44E9-9C45-FBFC7FA6BD93}.Release|Any CPU.ActiveCfg = Release|Any CPU
		{D0AD6A34-2B9D-44E9-9C45-FBFC7FA6BD93}.Release|Any CPU.Build.0 = Release|Any CPU
	EndGlobalSection
	GlobalSection(SolutionProperties) = preSolution
		HideSolutionNode = FALSE
	EndGlobalSection
	GlobalSection(ExtensibilityGlobals) = postSolution
		SolutionGuid = {DC3CF58D-E6EE-4A42-BD50-28AF62A2728F}
	EndGlobalSection
EndGlobal
